// !$*UTF8*$!
{
	archiveVersion = 1;
	classes = {
	};
	objectVersion = 50;
	objects = {

/* Begin PBXBuildFile section */
		9F2DBA382704EA9A007AB391 /* AppDelegate.swift in Sources */ = {isa = PBXBuildFile; fileRef = 9F2DBA372704EA9A007AB391 /* AppDelegate.swift */; };
		9F2DBA3A2704EA9A007AB391 /* SceneDelegate.swift in Sources */ = {isa = PBXBuildFile; fileRef = 9F2DBA392704EA9A007AB391 /* SceneDelegate.swift */; };
		9F2DBA3C2704EA9A007AB391 /* ViewController.swift in Sources */ = {isa = PBXBuildFile; fileRef = 9F2DBA3B2704EA9A007AB391 /* ViewController.swift */; };
		9F2DBA3F2704EA9A007AB391 /* Main.storyboard in Resources */ = {isa = PBXBuildFile; fileRef = 9F2DBA3D2704EA9A007AB391 /* Main.storyboard */; };
		9F2DBA412704EAA2007AB391 /* Assets.xcassets in Resources */ = {isa = PBXBuildFile; fileRef = 9F2DBA402704EAA2007AB391 /* Assets.xcassets */; };
		9F2DBA442704EAA2007AB391 /* LaunchScreen.storyboard in Resources */ = {isa = PBXBuildFile; fileRef = 9F2DBA422704EAA2007AB391 /* LaunchScreen.storyboard */; };
		9F2DBA4F2704EAA3007AB391 /* LoginAppTests.swift in Sources */ = {isa = PBXBuildFile; fileRef = 9F2DBA4E2704EAA3007AB391 /* LoginAppTests.swift */; };
		9F2DBA5A2704EAA3007AB391 /* LoginAppUITests.swift in Sources */ = {isa = PBXBuildFile; fileRef = 9F2DBA592704EAA3007AB391 /* LoginAppUITests.swift */; };
/* End PBXBuildFile section */

/* Begin PBXContainerItemProxy section */
		9F2DBA4B2704EAA3007AB391 /* PBXContainerItemProxy */ = {
			isa = PBXContainerItemProxy;
			containerPortal = 9F2DBA2C2704EA9A007AB391 /* Project object */;
			proxyType = 1;
			remoteGlobalIDString = 9F2DBA332704EA9A007AB391;
			remoteInfo = LoginApp;
		};
		9F2DBA562704EAA3007AB391 /* PBXContainerItemProxy */ = {
			isa = PBXContainerItemProxy;
			containerPortal = 9F2DBA2C2704EA9A007AB391 /* Project object */;
			proxyType = 1;
			remoteGlobalIDString = 9F2DBA332704EA9A007AB391;
			remoteInfo = LoginApp;
		};
/* End PBXContainerItemProxy section */

/* Begin PBXFileReference section */
		9F2DBA342704EA9A007AB391 /* LoginApp.app */ = {isa = PBXFileReference; explicitFileType = wrapper.application; includeInIndex = 0; path = LoginApp.app; sourceTree = BUILT_PRODUCTS_DIR; };
		9F2DBA372704EA9A007AB391 /* AppDelegate.swift */ = {isa = PBXFileReference; lastKnownFileType = sourcecode.swift; path = AppDelegate.swift; sourceTree = "<group>"; };
		9F2DBA392704EA9A007AB391 /* SceneDelegate.swift */ = {isa = PBXFileReference; lastKnownFileType = sourcecode.swift; path = SceneDelegate.swift; sourceTree = "<group>"; };
		9F2DBA3B2704EA9A007AB391 /* ViewController.swift */ = {isa = PBXFileReference; lastKnownFileType = sourcecode.swift; path = ViewController.swift; sourceTree = "<group>"; };
		9F2DBA3E2704EA9A007AB391 /* Base */ = {isa = PBXFileReference; lastKnownFileType = file.storyboard; name = Base; path = Base.lproj/Main.storyboard; sourceTree = "<group>"; };
		9F2DBA402704EAA2007AB391 /* Assets.xcassets */ = {isa = PBXFileReference; lastKnownFileType = folder.assetcatalog; path = Assets.xcassets; sourceTree = "<group>"; };
		9F2DBA432704EAA2007AB391 /* Base */ = {isa = PBXFileReference; lastKnownFileType = file.storyboard; name = Base; path = Base.lproj/LaunchScreen.storyboard; sourceTree = "<group>"; };
		9F2DBA452704EAA2007AB391 /* Info.plist */ = {isa = PBXFileReference; lastKnownFileType = text.plist.xml; path = Info.plist; sourceTree = "<group>"; };
		9F2DBA4A2704EAA3007AB391 /* LoginAppTests.xctest */ = {isa = PBXFileReference; explicitFileType = wrapper.cfbundle; includeInIndex = 0; path = LoginAppTests.xctest; sourceTree = BUILT_PRODUCTS_DIR; };
		9F2DBA4E2704EAA3007AB391 /* LoginAppTests.swift */ = {isa = PBXFileReference; lastKnownFileType = sourcecode.swift; path = LoginAppTests.swift; sourceTree = "<group>"; };
		9F2DBA502704EAA3007AB391 /* Info.plist */ = {isa = PBXFileReference; lastKnownFileType = text.plist.xml; path = Info.plist; sourceTree = "<group>"; };
		9F2DBA552704EAA3007AB391 /* LoginAppUITests.xctest */ = {isa = PBXFileReference; explicitFileType = wrapper.cfbundle; includeInIndex = 0; path = LoginAppUITests.xctest; sourceTree = BUILT_PRODUCTS_DIR; };
		9F2DBA592704EAA3007AB391 /* LoginAppUITests.swift */ = {isa = PBXFileReference; lastKnownFileType = sourcecode.swift; path = LoginAppUITests.swift; sourceTree = "<group>"; };
		9F2DBA5B2704EAA3007AB391 /* Info.plist */ = {isa = PBXFileReference; lastKnownFileType = text.plist.xml; path = Info.plist; sourceTree = "<group>"; };
/* End PBXFileReference section */

/* Begin PBXFrameworksBuildPhase section */
		9F2DBA312704EA9A007AB391 /* Frameworks */ = {
			isa = PBXFrameworksBuildPhase;
			buildActionMask = 2147483647;
			files = (
			);
			runOnlyForDeploymentPostprocessing = 0;
		};
		9F2DBA472704EAA3007AB391 /* Frameworks */ = {
			isa = PBXFrameworksBuildPhase;
			buildActionMask = 2147483647;
			files = (
			);
			runOnlyForDeploymentPostprocessing = 0;
		};
		9F2DBA522704EAA3007AB391 /* Frameworks */ = {
			isa = PBXFrameworksBuildPhase;
			buildActionMask = 2147483647;
			files = (
			);
			runOnlyForDeploymentPostprocessing = 0;
		};
/* End PBXFrameworksBuildPhase section */

/* Begin PBXGroup section */
		9F2DBA2B2704EA9A007AB391 = {
			isa = PBXGroup;
			children = (
				9F2DBA362704EA9A007AB391 /* LoginApp */,
				9F2DBA4D2704EAA3007AB391 /* LoginAppTests */,
				9F2DBA582704EAA3007AB391 /* LoginAppUITests */,
				9F2DBA352704EA9A007AB391 /* Products */,
			);
			sourceTree = "<group>";
		};
		9F2DBA352704EA9A007AB391 /* Products */ = {
			isa = PBXGroup;
			children = (
				9F2DBA342704EA9A007AB391 /* LoginApp.app */,
				9F2DBA4A2704EAA3007AB391 /* LoginAppTests.xctest */,
				9F2DBA552704EAA3007AB391 /* LoginAppUITests.xctest */,
			);
			name = Products;
			sourceTree = "<group>";
		};
		9F2DBA362704EA9A007AB391 /* LoginApp */ = {
			isa = PBXGroup;
			children = (
				9F2DBA372704EA9A007AB391 /* AppDelegate.swift */,
				9F2DBA392704EA9A007AB391 /* SceneDelegate.swift */,
				9F2DBA3B2704EA9A007AB391 /* ViewController.swift */,
				9F2DBA3D2704EA9A007AB391 /* Main.storyboard */,
				9F2DBA402704EAA2007AB391 /* Assets.xcassets */,
				9F2DBA422704EAA2007AB391 /* LaunchScreen.storyboard */,
				9F2DBA452704EAA2007AB391 /* Info.plist */,
			);
			path = LoginApp;
			sourceTree = "<group>";
		};
		9F2DBA4D2704EAA3007AB391 /* LoginAppTests */ = {
			isa = PBXGroup;
			children = (
				9F2DBA4E2704EAA3007AB391 /* LoginAppTests.swift */,
				9F2DBA502704EAA3007AB391 /* Info.plist */,
			);
			path = LoginAppTests;
			sourceTree = "<group>";
		};
		9F2DBA582704EAA3007AB391 /* LoginAppUITests */ = {
			isa = PBXGroup;
			children = (
				9F2DBA592704EAA3007AB391 /* LoginAppUITests.swift */,
				9F2DBA5B2704EAA3007AB391 /* Info.plist */,
			);
			path = LoginAppUITests;
			sourceTree = "<group>";
		};
/* End PBXGroup section */

/* Begin PBXNativeTarget section */
		9F2DBA332704EA9A007AB391 /* LoginApp */ = {
			isa = PBXNativeTarget;
			buildConfigurationList = 9F2DBA5E2704EAA3007AB391 /* Build configuration list for PBXNativeTarget "LoginApp" */;
			buildPhases = (
				9F2DBA302704EA9A007AB391 /* Sources */,
				9F2DBA312704EA9A007AB391 /* Frameworks */,
				9F2DBA322704EA9A007AB391 /* Resources */,
			);
			buildRules = (
			);
			dependencies = (
			);
			name = LoginApp;
			productName = LoginApp;
			productReference = 9F2DBA342704EA9A007AB391 /* LoginApp.app */;
			productType = "com.apple.product-type.application";
		};
		9F2DBA492704EAA3007AB391 /* LoginAppTests */ = {
			isa = PBXNativeTarget;
			buildConfigurationList = 9F2DBA612704EAA3007AB391 /* Build configuration list for PBXNativeTarget "LoginAppTests" */;
			buildPhases = (
				9F2DBA462704EAA3007AB391 /* Sources */,
				9F2DBA472704EAA3007AB391 /* Frameworks */,
				9F2DBA482704EAA3007AB391 /* Resources */,
			);
			buildRules = (
			);
			dependencies = (
				9F2DBA4C2704EAA3007AB391 /* PBXTargetDependency */,
			);
			name = LoginAppTests;
			productName = LoginAppTests;
			productReference = 9F2DBA4A2704EAA3007AB391 /* LoginAppTests.xctest */;
			productType = "com.apple.product-type.bundle.unit-test";
		};
		9F2DBA542704EAA3007AB391 /* LoginAppUITests */ = {
			isa = PBXNativeTarget;
			buildConfigurationList = 9F2DBA642704EAA3007AB391 /* Build configuration list for PBXNativeTarget "LoginAppUITests" */;
			buildPhases = (
				9F2DBA512704EAA3007AB391 /* Sources */,
				9F2DBA522704EAA3007AB391 /* Frameworks */,
				9F2DBA532704EAA3007AB391 /* Resources */,
			);
			buildRules = (
			);
			dependencies = (
				9F2DBA572704EAA3007AB391 /* PBXTargetDependency */,
			);
			name = LoginAppUITests;
			productName = LoginAppUITests;
			productReference = 9F2DBA552704EAA3007AB391 /* LoginAppUITests.xctest */;
			productType = "com.apple.product-type.bundle.ui-testing";
		};
/* End PBXNativeTarget section */

/* Begin PBXProject section */
		9F2DBA2C2704EA9A007AB391 /* Project object */ = {
			isa = PBXProject;
			attributes = {
				LastSwiftUpdateCheck = 1250;
				LastUpgradeCheck = 1250;
				TargetAttributes = {
					9F2DBA332704EA9A007AB391 = {
						CreatedOnToolsVersion = 12.5.1;
					};
					9F2DBA492704EAA3007AB391 = {
						CreatedOnToolsVersion = 12.5.1;
						TestTargetID = 9F2DBA332704EA9A007AB391;
					};
					9F2DBA542704EAA3007AB391 = {
						CreatedOnToolsVersion = 12.5.1;
						TestTargetID = 9F2DBA332704EA9A007AB391;
					};
				};
			};
			buildConfigurationList = 9F2DBA2F2704EA9A007AB391 /* Build configuration list for PBXProject "LoginApp" */;
			compatibilityVersion = "Xcode 9.3";
			developmentRegion = en;
			hasScannedForEncodings = 0;
			knownRegions = (
				en,
				Base,
			);
			mainGroup = 9F2DBA2B2704EA9A007AB391;
			productRefGroup = 9F2DBA352704EA9A007AB391 /* Products */;
			projectDirPath = "";
			projectRoot = "";
			targets = (
				9F2DBA332704EA9A007AB391 /* LoginApp */,
				9F2DBA492704EAA3007AB391 /* LoginAppTests */,
				9F2DBA542704EAA3007AB391 /* LoginAppUITests */,
			);
		};
/* End PBXProject section */

/* Begin PBXResourcesBuildPhase section */
		9F2DBA322704EA9A007AB391 /* Resources */ = {
			isa = PBXResourcesBuildPhase;
			buildActionMask = 2147483647;
			files = (
				9F2DBA442704EAA2007AB391 /* LaunchScreen.storyboard in Resources */,
				9F2DBA412704EAA2007AB391 /* Assets.xcassets in Resources */,
				9F2DBA3F2704EA9A007AB391 /* Main.storyboard in Resources */,
			);
			runOnlyForDeploymentPostprocessing = 0;
		};
		9F2DBA482704EAA3007AB391 /* Resources */ = {
			isa = PBXResourcesBuildPhase;
			buildActionMask = 2147483647;
			files = (
			);
			runOnlyForDeploymentPostprocessing = 0;
		};
		9F2DBA532704EAA3007AB391 /* Resources */ = {
			isa = PBXResourcesBuildPhase;
			buildActionMask = 2147483647;
			files = (
			);
			runOnlyForDeploymentPostprocessing = 0;
		};
/* End PBXResourcesBuildPhase section */

/* Begin PBXSourcesBuildPhase section */
		9F2DBA302704EA9A007AB391 /* Sources */ = {
			isa = PBXSourcesBuildPhase;
			buildActionMask = 2147483647;
			files = (
				9F2DBA3C2704EA9A007AB391 /* ViewController.swift in Sources */,
				9F2DBA382704EA9A007AB391 /* AppDelegate.swift in Sources */,
				9F2DBA3A2704EA9A007AB391 /* SceneDelegate.swift in Sources */,
			);
			runOnlyForDeploymentPostprocessing = 0;
		};
		9F2DBA462704EAA3007AB391 /* Sources */ = {
			isa = PBXSourcesBuildPhase;
			buildActionMask = 2147483647;
			files = (
				9F2DBA4F2704EAA3007AB391 /* LoginAppTests.swift in Sources */,
			);
			runOnlyForDeploymentPostprocessing = 0;
		};
		9F2DBA512704EAA3007AB391 /* Sources */ = {
			isa = PBXSourcesBuildPhase;
			buildActionMask = 2147483647;
			files = (
				9F2DBA5A2704EAA3007AB391 /* LoginAppUITests.swift in Sources */,
			);
			runOnlyForDeploymentPostprocessing = 0;
		};
/* End PBXSourcesBuildPhase section */

/* Begin PBXTargetDependency section */
		9F2DBA4C2704EAA3007AB391 /* PBXTargetDependency */ = {
			isa = PBXTargetDependency;
			target = 9F2DBA332704EA9A007AB391 /* LoginApp */;
			targetProxy = 9F2DBA4B2704EAA3007AB391 /* PBXContainerItemProxy */;
		};
		9F2DBA572704EAA3007AB391 /* PBXTargetDependency */ = {
			isa = PBXTargetDependency;
			target = 9F2DBA332704EA9A007AB391 /* LoginApp */;
			targetProxy = 9F2DBA562704EAA3007AB391 /* PBXContainerItemProxy */;
		};
/* End PBXTargetDependency section */

/* Begin PBXVariantGroup section */
		9F2DBA3D2704EA9A007AB391 /* Main.storyboard */ = {
			isa = PBXVariantGroup;
			children = (
				9F2DBA3E2704EA9A007AB391 /* Base */,
			);
			name = Main.storyboard;
			sourceTree = "<group>";
		};
		9F2DBA422704EAA2007AB391 /* LaunchScreen.storyboard */ = {
			isa = PBXVariantGroup;
			children = (
				9F2DBA432704EAA2007AB391 /* Base */,
			);
			name = LaunchScreen.storyboard;
			sourceTree = "<group>";
		};
/* End PBXVariantGroup section */

/* Begin XCBuildConfiguration section */
		9F2DBA5C2704EAA3007AB391 /* Debug */ = {
			isa = XCBuildConfiguration;
			buildSettings = {
				ALWAYS_SEARCH_USER_PATHS = NO;
				CLANG_ANALYZER_NONNULL = YES;
				CLANG_ANALYZER_NUMBER_OBJECT_CONVERSION = YES_AGGRESSIVE;
				CLANG_CXX_LANGUAGE_STANDARD = "gnu++14";
				CLANG_CXX_LIBRARY = "libc++";
				CLANG_ENABLE_MODULES = YES;
				CLANG_ENABLE_OBJC_ARC = YES;
				CLANG_ENABLE_OBJC_WEAK = YES;
				CLANG_WARN_BLOCK_CAPTURE_AUTORELEASING = YES;
				CLANG_WARN_BOOL_CONVERSION = YES;
				CLANG_WARN_COMMA = YES;
				CLANG_WARN_CONSTANT_CONVERSION = YES;
				CLANG_WARN_DEPRECATED_OBJC_IMPLEMENTATIONS = YES;
				CLANG_WARN_DIRECT_OBJC_ISA_USAGE = YES_ERROR;
				CLANG_WARN_DOCUMENTATION_COMMENTS = YES;
				CLANG_WARN_EMPTY_BODY = YES;
				CLANG_WARN_ENUM_CONVERSION = YES;
				CLANG_WARN_INFINITE_RECURSION = YES;
				CLANG_WARN_INT_CONVERSION = YES;
				CLANG_WARN_NON_LITERAL_NULL_CONVERSION = YES;
				CLANG_WARN_OBJC_IMPLICIT_RETAIN_SELF = YES;
				CLANG_WARN_OBJC_LITERAL_CONVERSION = YES;
				CLANG_WARN_OBJC_ROOT_CLASS = YES_ERROR;
				CLANG_WARN_QUOTED_INCLUDE_IN_FRAMEWORK_HEADER = YES;
				CLANG_WARN_RANGE_LOOP_ANALYSIS = YES;
				CLANG_WARN_STRICT_PROTOTYPES = YES;
				CLANG_WARN_SUSPICIOUS_MOVE = YES;
				CLANG_WARN_UNGUARDED_AVAILABILITY = YES_AGGRESSIVE;
				CLANG_WARN_UNREACHABLE_CODE = YES;
				CLANG_WARN__DUPLICATE_METHOD_MATCH = YES;
				COPY_PHASE_STRIP = NO;
				DEBUG_INFORMATION_FORMAT = dwarf;
				ENABLE_STRICT_OBJC_MSGSEND = YES;
				ENABLE_TESTABILITY = YES;
				GCC_C_LANGUAGE_STANDARD = gnu11;
				GCC_DYNAMIC_NO_PIC = NO;
				GCC_NO_COMMON_BLOCKS = YES;
				GCC_OPTIMIZATION_LEVEL = 0;
				GCC_PREPROCESSOR_DEFINITIONS = (
					"DEBUG=1",
					"$(inherited)",
				);
				GCC_WARN_64_TO_32_BIT_CONVERSION = YES;
				GCC_WARN_ABOUT_RETURN_TYPE = YES_ERROR;
				GCC_WARN_UNDECLARED_SELECTOR = YES;
				GCC_WARN_UNINITIALIZED_AUTOS = YES_AGGRESSIVE;
				GCC_WARN_UNUSED_FUNCTION = YES;
				GCC_WARN_UNUSED_VARIABLE = YES;
				IPHONEOS_DEPLOYMENT_TARGET = 14.5;
				MTL_ENABLE_DEBUG_INFO = INCLUDE_SOURCE;
				MTL_FAST_MATH = YES;
				ONLY_ACTIVE_ARCH = YES;
				SDKROOT = iphoneos;
				SWIFT_ACTIVE_COMPILATION_CONDITIONS = DEBUG;
				SWIFT_OPTIMIZATION_LEVEL = "-Onone";
			};
			name = Debug;
		};
		9F2DBA5D2704EAA3007AB391 /* Release */ = {
			isa = XCBuildConfiguration;
			buildSettings = {
				ALWAYS_SEARCH_USER_PATHS = NO;
				CLANG_ANALYZER_NONNULL = YES;
				CLANG_ANALYZER_NUMBER_OBJECT_CONVERSION = YES_AGGRESSIVE;
				CLANG_CXX_LANGUAGE_STANDARD = "gnu++14";
				CLANG_CXX_LIBRARY = "libc++";
				CLANG_ENABLE_MODULES = YES;
				CLANG_ENABLE_OBJC_ARC = YES;
				CLANG_ENABLE_OBJC_WEAK = YES;
				CLANG_WARN_BLOCK_CAPTURE_AUTORELEASING = YES;
				CLANG_WARN_BOOL_CONVERSION = YES;
				CLANG_WARN_COMMA = YES;
				CLANG_WARN_CONSTANT_CONVERSION = YES;
				CLANG_WARN_DEPRECATED_OBJC_IMPLEMENTATIONS = YES;
				CLANG_WARN_DIRECT_OBJC_ISA_USAGE = YES_ERROR;
				CLANG_WARN_DOCUMENTATION_COMMENTS = YES;
				CLANG_WARN_EMPTY_BODY = YES;
				CLANG_WARN_ENUM_CONVERSION = YES;
				CLANG_WARN_INFINITE_RECURSION = YES;
				CLANG_WARN_INT_CONVERSION = YES;
				CLANG_WARN_NON_LITERAL_NULL_CONVERSION = YES;
				CLANG_WARN_OBJC_IMPLICIT_RETAIN_SELF = YES;
				CLANG_WARN_OBJC_LITERAL_CONVERSION = YES;
				CLANG_WARN_OBJC_ROOT_CLASS = YES_ERROR;
				CLANG_WARN_QUOTED_INCLUDE_IN_FRAMEWORK_HEADER = YES;
				CLANG_WARN_RANGE_LOOP_ANALYSIS = YES;
				CLANG_WARN_STRICT_PROTOTYPES = YES;
				CLANG_WARN_SUSPICIOUS_MOVE = YES;
				CLANG_WARN_UNGUARDED_AVAILABILITY = YES_AGGRESSIVE;
				CLANG_WARN_UNREACHABLE_CODE = YES;
				CLANG_WARN__DUPLICATE_METHOD_MATCH = YES;
				COPY_PHASE_STRIP = NO;
				DEBUG_INFORMATION_FORMAT = "dwarf-with-dsym";
				ENABLE_NS_ASSERTIONS = NO;
				ENABLE_STRICT_OBJC_MSGSEND = YES;
				GCC_C_LANGUAGE_STANDARD = gnu11;
				GCC_NO_COMMON_BLOCKS = YES;
				GCC_WARN_64_TO_32_BIT_CONVERSION = YES;
				GCC_WARN_ABOUT_RETURN_TYPE = YES_ERROR;
				GCC_WARN_UNDECLARED_SELECTOR = YES;
				GCC_WARN_UNINITIALIZED_AUTOS = YES_AGGRESSIVE;
				GCC_WARN_UNUSED_FUNCTION = YES;
				GCC_WARN_UNUSED_VARIABLE = YES;
				IPHONEOS_DEPLOYMENT_TARGET = 14.5;
				MTL_ENABLE_DEBUG_INFO = NO;
				MTL_FAST_MATH = YES;
				SDKROOT = iphoneos;
				SWIFT_COMPILATION_MODE = wholemodule;
				SWIFT_OPTIMIZATION_LEVEL = "-O";
				VALIDATE_PRODUCT = YES;
			};
			name = Release;
		};
		9F2DBA5F2704EAA3007AB391 /* Debug */ = {
			isa = XCBuildConfiguration;
			buildSettings = {
				ASSETCATALOG_COMPILER_APPICON_NAME = AppIcon;
				ASSETCATALOG_COMPILER_GLOBAL_ACCENT_COLOR_NAME = AccentColor;
				CODE_SIGN_STYLE = Automatic;
				INFOPLIST_FILE = LoginApp/Info.plist;
				LD_RUNPATH_SEARCH_PATHS = (
					"$(inherited)",
					"@executable_path/Frameworks",
				);
				PRODUCT_BUNDLE_IDENTIFIER = com.cyberdine.LoginApp;
				PRODUCT_NAME = "$(TARGET_NAME)";
				SWIFT_VERSION = 5.0;
				TARGETED_DEVICE_FAMILY = "1,2";
			};
			name = Debug;
		};
		9F2DBA602704EAA3007AB391 /* Release */ = {
			isa = XCBuildConfiguration;
			buildSettings = {
				ASSETCATALOG_COMPILER_APPICON_NAME = AppIcon;
				ASSETCATALOG_COMPILER_GLOBAL_ACCENT_COLOR_NAME = AccentColor;
				CODE_SIGN_STYLE = Automatic;
				INFOPLIST_FILE = LoginApp/Info.plist;
				LD_RUNPATH_SEARCH_PATHS = (
					"$(inherited)",
					"@executable_path/Frameworks",
				);
				PRODUCT_BUNDLE_IDENTIFIER = com.cyberdine.LoginApp;
				PRODUCT_NAME = "$(TARGET_NAME)";
				SWIFT_VERSION = 5.0;
				TARGETED_DEVICE_FAMILY = "1,2";
			};
			name = Release;
		};
		9F2DBA622704EAA3007AB391 /* Debug */ = {
			isa = XCBuildConfiguration;
			buildSettings = {
				ALWAYS_EMBED_SWIFT_STANDARD_LIBRARIES = YES;
				BUNDLE_LOADER = "$(TEST_HOST)";
				CODE_SIGN_STYLE = Automatic;
				INFOPLIST_FILE = LoginAppTests/Info.plist;
				IPHONEOS_DEPLOYMENT_TARGET = 14.5;
				LD_RUNPATH_SEARCH_PATHS = (
					"$(inherited)",
					"@executable_path/Frameworks",
					"@loader_path/Frameworks",
				);
				PRODUCT_BUNDLE_IDENTIFIER = com.cyberdine.LoginAppTests;
				PRODUCT_NAME = "$(TARGET_NAME)";
				SWIFT_VERSION = 5.0;
				TARGETED_DEVICE_FAMILY = "1,2";
				TEST_HOST = "$(BUILT_PRODUCTS_DIR)/LoginApp.app/LoginApp";
			};
			name = Debug;
		};
		9F2DBA632704EAA3007AB391 /* Release */ = {
			isa = XCBuildConfiguration;
			buildSettings = {
				ALWAYS_EMBED_SWIFT_STANDARD_LIBRARIES = YES;
				BUNDLE_LOADER = "$(TEST_HOST)";
				CODE_SIGN_STYLE = Automatic;
				INFOPLIST_FILE = LoginAppTests/Info.plist;
				IPHONEOS_DEPLOYMENT_TARGET = 14.5;
				LD_RUNPATH_SEARCH_PATHS = (
					"$(inherited)",
					"@executable_path/Frameworks",
					"@loader_path/Frameworks",
				);
				PRODUCT_BUNDLE_IDENTIFIER = com.cyberdine.LoginAppTests;
				PRODUCT_NAME = "$(TARGET_NAME)";
				SWIFT_VERSION = 5.0;
				TARGETED_DEVICE_FAMILY = "1,2";
				TEST_HOST = "$(BUILT_PRODUCTS_DIR)/LoginApp.app/LoginApp";
			};
			name = Release;
		};
		9F2DBA652704EAA3007AB391 /* Debug */ = {
			isa = XCBuildConfiguration;
			buildSettings = {
				ALWAYS_EMBED_SWIFT_STANDARD_LIBRARIES = YES;
				CODE_SIGN_STYLE = Automatic;
				INFOPLIST_FILE = LoginAppUITests/Info.plist;
				LD_RUNPATH_SEARCH_PATHS = (
					"$(inherited)",
					"@executable_path/Frameworks",
					"@loader_path/Frameworks",
				);
				PRODUCT_BUNDLE_IDENTIFIER = com.cyberdine.LoginAppUITests;
				PRODUCT_NAME = "$(TARGET_NAME)";
				SWIFT_VERSION = 5.0;
				TARGETED_DEVICE_FAMILY = "1,2";
				TEST_TARGET_NAME = LoginApp;
			};
			name = Debug;
		};
		9F2DBA662704EAA3007AB391 /* Release */ = {
			isa = XCBuildConfiguration;
			buildSettings = {
				ALWAYS_EMBED_SWIFT_STANDARD_LIBRARIES = YES;
				CODE_SIGN_STYLE = Automatic;
				INFOPLIST_FILE = LoginAppUITests/Info.plist;
				LD_RUNPATH_SEARCH_PATHS = (
					"$(inherited)",
					"@executable_path/Frameworks",
					"@loader_path/Frameworks",
				);
				PRODUCT_BUNDLE_IDENTIFIER = com.cyberdine.LoginAppUITests;
				PRODUCT_NAME = "$(TARGET_NAME)";
				SWIFT_VERSION = 5.0;
				TARGETED_DEVICE_FAMILY = "1,2";
				TEST_TARGET_NAME = LoginApp;
			};
			name = Release;
		};
/* End XCBuildConfiguration section */

/* Begin XCConfigurationList section */
		9F2DBA2F2704EA9A007AB391 /* Build configuration list for PBXProject "LoginApp" */ = {
			isa = XCConfigurationList;
			buildConfigurations = (
				9F2DBA5C2704EAA3007AB391 /* Debug */,
				9F2DBA5D2704EAA3007AB391 /* Release */,
			);
			defaultConfigurationIsVisible = 0;
			defaultConfigurationName = Release;
		};
		9F2DBA5E2704EAA3007AB391 /* Build configuration list for PBXNativeTarget "LoginApp" */ = {
			isa = XCConfigurationList;
			buildConfigurations = (
				9F2DBA5F2704EAA3007AB391 /* Debug */,
				9F2DBA602704EAA3007AB391 /* Release */,
			);
			defaultConfigurationIsVisible = 0;
			defaultConfigurationName = Release;
		};
		9F2DBA612704EAA3007AB391 /* Build configuration list for PBXNativeTarget "LoginAppTests" */ = {
			isa = XCConfigurationList;
			buildConfigurations = (
				9F2DBA622704EAA3007AB391 /* Debug */,
				9F2DBA632704EAA3007AB391 /* Release */,
			);
			defaultConfigurationIsVisible = 0;
			defaultConfigurationName = Release;
		};
		9F2DBA642704EAA3007AB391 /* Build configuration list for PBXNativeTarget "LoginAppUITests" */ = {
			isa = XCConfigurationList;
			buildConfigurations = (
				9F2DBA652704EAA3007AB391 /* Debug */,
				9F2DBA662704EAA3007AB391 /* Release */,
			);
			defaultConfigurationIsVisible = 0;
			defaultConfigurationName = Release;
		};
/* End XCConfigurationList section */
	};
	rootObject = 9F2DBA2C2704EA9A007AB391 /* Project object */;
}
